
Microsoft Visual Studio Solution File, Format Version 12.00
# Visual Studio Version 17
VisualStudioVersion = 17.14.36518.9 d17.14
MinimumVisualStudioVersion = 10.0.40219.1
Project("{FAE04EC0-301F-11D3-BF4B-00C04F79EFBC}") = "Estructuras_de_Control_#2", "Estructuras_de_Control_#2.csproj", "{C6F75761-489D-4847-84DF-2580160124C0}"
EndProject
Global
	GlobalSection(SolutionConfigurationPlatforms) = preSolution
		Debug|Any CPU = Debug|Any CPU
		Release|Any CPU = Release|Any CPU
	EndGlobalSection
	GlobalSection(ProjectConfigurationPlatforms) = postSolution
		{C6F75761-489D-4847-84DF-2580160124C0}.Debug|Any CPU.ActiveCfg = Debug|Any CPU
		{C6F75761-489D-4847-84DF-2580160124C0}.Debug|Any CPU.Build.0 = Debug|Any CPU
		{C6F75761-489D-4847-84DF-2580160124C0}.Release|Any CPU.ActiveCfg = Release|Any CPU
		{C6F75761-489D-4847-84DF-2580160124C0}.Release|Any CPU.Build.0 = Release|Any CPU
	EndGlobalSection
	GlobalSection(SolutionProperties) = preSolution
		HideSolutionNode = FALSE
	EndGlobalSection
	GlobalSection(ExtensibilityGlobals) = postSolution
		SolutionGuid = {3BC82ED6-9DF6-4646-97E0-32DC1DA5987D}
	EndGlobalSection
EndGlobal
